// !$*UTF8*$!
{
	archiveVersion = 1;
	classes = {
	};
	objectVersion = 50;
	objects = {

/* Begin PBXBuildFile section */
		17BB3E6225CDC80600DB7DFE /* AppDelegate.swift in Sources */ = {isa = PBXBuildFile; fileRef = 17BB3E6125CDC80600DB7DFE /* AppDelegate.swift */; };
		17BB3E6425CDC80600DB7DFE /* SceneDelegate.swift in Sources */ = {isa = PBXBuildFile; fileRef = 17BB3E6325CDC80600DB7DFE /* SceneDelegate.swift */; };
		17BB3E6625CDC80600DB7DFE /* ViewController.swift in Sources */ = {isa = PBXBuildFile; fileRef = 17BB3E6525CDC80600DB7DFE /* ViewController.swift */; };
		17BB3E6925CDC80600DB7DFE /* Main.storyboard in Resources */ = {isa = PBXBuildFile; fileRef = 17BB3E6725CDC80600DB7DFE /* Main.storyboard */; };
		17BB3E6B25CDC80900DB7DFE /* Assets.xcassets in Resources */ = {isa = PBXBuildFile; fileRef = 17BB3E6A25CDC80900DB7DFE /* Assets.xcassets */; };
		17BB3E6E25CDC80900DB7DFE /* LaunchScreen.storyboard in Resources */ = {isa = PBXBuildFile; fileRef = 17BB3E6C25CDC80900DB7DFE /* LaunchScreen.storyboard */; };
		17BB3E7925CDC80900DB7DFE /* GiphyGalleryTests.swift in Sources */ = {isa = PBXBuildFile; fileRef = 17BB3E7825CDC80900DB7DFE /* GiphyGalleryTests.swift */; };
		17BB3E8425CDC80900DB7DFE /* GiphyGalleryUITests.swift in Sources */ = {isa = PBXBuildFile; fileRef = 17BB3E8325CDC80900DB7DFE /* GiphyGalleryUITests.swift */; };
/* End PBXBuildFile section */

/* Begin PBXContainerItemProxy section */
		17BB3E7525CDC80900DB7DFE /* PBXContainerItemProxy */ = {
			isa = PBXContainerItemProxy;
			containerPortal = 17BB3E5625CDC80600DB7DFE /* Project object */;
			proxyType = 1;
			remoteGlobalIDString = 17BB3E5D25CDC80600DB7DFE;
			remoteInfo = GiphyGallery;
		};
		17BB3E8025CDC80900DB7DFE /* PBXContainerItemProxy */ = {
			isa = PBXContainerItemProxy;
			containerPortal = 17BB3E5625CDC80600DB7DFE /* Project object */;
			proxyType = 1;
			remoteGlobalIDString = 17BB3E5D25CDC80600DB7DFE;
			remoteInfo = GiphyGallery;
		};
/* End PBXContainerItemProxy section */

/* Begin PBXFileReference section */
		17BB3E5E25CDC80600DB7DFE /* GiphyGallery.app */ = {isa = PBXFileReference; explicitFileType = wrapper.application; includeInIndex = 0; path = GiphyGallery.app; sourceTree = BUILT_PRODUCTS_DIR; };
		17BB3E6125CDC80600DB7DFE /* AppDelegate.swift */ = {isa = PBXFileReference; lastKnownFileType = sourcecode.swift; path = AppDelegate.swift; sourceTree = "<group>"; };
		17BB3E6325CDC80600DB7DFE /* SceneDelegate.swift */ = {isa = PBXFileReference; lastKnownFileType = sourcecode.swift; path = SceneDelegate.swift; sourceTree = "<group>"; };
		17BB3E6525CDC80600DB7DFE /* ViewController.swift */ = {isa = PBXFileReference; lastKnownFileType = sourcecode.swift; path = ViewController.swift; sourceTree = "<group>"; };
		17BB3E6825CDC80600DB7DFE /* Base */ = {isa = PBXFileReference; lastKnownFileType = file.storyboard; name = Base; path = Base.lproj/Main.storyboard; sourceTree = "<group>"; };
		17BB3E6A25CDC80900DB7DFE /* Assets.xcassets */ = {isa = PBXFileReference; lastKnownFileType = folder.assetcatalog; path = Assets.xcassets; sourceTree = "<group>"; };
		17BB3E6D25CDC80900DB7DFE /* Base */ = {isa = PBXFileReference; lastKnownFileType = file.storyboard; name = Base; path = Base.lproj/LaunchScreen.storyboard; sourceTree = "<group>"; };
		17BB3E6F25CDC80900DB7DFE /* Info.plist */ = {isa = PBXFileReference; lastKnownFileType = text.plist.xml; path = Info.plist; sourceTree = "<group>"; };
		17BB3E7425CDC80900DB7DFE /* GiphyGalleryTests.xctest */ = {isa = PBXFileReference; explicitFileType = wrapper.cfbundle; includeInIndex = 0; path = GiphyGalleryTests.xctest; sourceTree = BUILT_PRODUCTS_DIR; };
		17BB3E7825CDC80900DB7DFE /* GiphyGalleryTests.swift */ = {isa = PBXFileReference; lastKnownFileType = sourcecode.swift; path = GiphyGalleryTests.swift; sourceTree = "<group>"; };
		17BB3E7A25CDC80900DB7DFE /* Info.plist */ = {isa = PBXFileReference; lastKnownFileType = text.plist.xml; path = Info.plist; sourceTree = "<group>"; };
		17BB3E7F25CDC80900DB7DFE /* GiphyGalleryUITests.xctest */ = {isa = PBXFileReference; explicitFileType = wrapper.cfbundle; includeInIndex = 0; path = GiphyGalleryUITests.xctest; sourceTree = BUILT_PRODUCTS_DIR; };
		17BB3E8325CDC80900DB7DFE /* GiphyGalleryUITests.swift */ = {isa = PBXFileReference; lastKnownFileType = sourcecode.swift; path = GiphyGalleryUITests.swift; sourceTree = "<group>"; };
		17BB3E8525CDC80900DB7DFE /* Info.plist */ = {isa = PBXFileReference; lastKnownFileType = text.plist.xml; path = Info.plist; sourceTree = "<group>"; };
/* End PBXFileReference section */

/* Begin PBXFrameworksBuildPhase section */
		17BB3E5B25CDC80600DB7DFE /* Frameworks */ = {
			isa = PBXFrameworksBuildPhase;
			buildActionMask = 2147483647;
			files = (
			);
			runOnlyForDeploymentPostprocessing = 0;
		};
		17BB3E7125CDC80900DB7DFE /* Frameworks */ = {
			isa = PBXFrameworksBuildPhase;
			buildActionMask = 2147483647;
			files = (
			);
			runOnlyForDeploymentPostprocessing = 0;
		};
		17BB3E7C25CDC80900DB7DFE /* Frameworks */ = {
			isa = PBXFrameworksBuildPhase;
			buildActionMask = 2147483647;
			files = (
			);
			runOnlyForDeploymentPostprocessing = 0;
		};
/* End PBXFrameworksBuildPhase section */

/* Begin PBXGroup section */
		17BB3E5525CDC80600DB7DFE = {
			isa = PBXGroup;
			children = (
				17BB3E6025CDC80600DB7DFE /* GiphyGallery */,
				17BB3E7725CDC80900DB7DFE /* GiphyGalleryTests */,
				17BB3E8225CDC80900DB7DFE /* GiphyGalleryUITests */,
				17BB3E5F25CDC80600DB7DFE /* Products */,
			);
			sourceTree = "<group>";
		};
		17BB3E5F25CDC80600DB7DFE /* Products */ = {
			isa = PBXGroup;
			children = (
				17BB3E5E25CDC80600DB7DFE /* GiphyGallery.app */,
				17BB3E7425CDC80900DB7DFE /* GiphyGalleryTests.xctest */,
				17BB3E7F25CDC80900DB7DFE /* GiphyGalleryUITests.xctest */,
			);
			name = Products;
			sourceTree = "<group>";
		};
		17BB3E6025CDC80600DB7DFE /* GiphyGallery */ = {
			isa = PBXGroup;
			children = (
				17BB3E6125CDC80600DB7DFE /* AppDelegate.swift */,
				17BB3E6325CDC80600DB7DFE /* SceneDelegate.swift */,
				17BB3E6525CDC80600DB7DFE /* ViewController.swift */,
				17BB3E6725CDC80600DB7DFE /* Main.storyboard */,
				17BB3E6A25CDC80900DB7DFE /* Assets.xcassets */,
				17BB3E6C25CDC80900DB7DFE /* LaunchScreen.storyboard */,
				17BB3E6F25CDC80900DB7DFE /* Info.plist */,
			);
			path = GiphyGallery;
			sourceTree = "<group>";
		};
		17BB3E7725CDC80900DB7DFE /* GiphyGalleryTests */ = {
			isa = PBXGroup;
			children = (
				17BB3E7825CDC80900DB7DFE /* GiphyGalleryTests.swift */,
				17BB3E7A25CDC80900DB7DFE /* Info.plist */,
			);
			path = GiphyGalleryTests;
			sourceTree = "<group>";
		};
		17BB3E8225CDC80900DB7DFE /* GiphyGalleryUITests */ = {
			isa = PBXGroup;
			children = (
				17BB3E8325CDC80900DB7DFE /* GiphyGalleryUITests.swift */,
				17BB3E8525CDC80900DB7DFE /* Info.plist */,
			);
			path = GiphyGalleryUITests;
			sourceTree = "<group>";
		};
/* End PBXGroup section */

/* Begin PBXNativeTarget section */
		17BB3E5D25CDC80600DB7DFE /* GiphyGallery */ = {
			isa = PBXNativeTarget;
			buildConfigurationList = 17BB3E8825CDC80900DB7DFE /* Build configuration list for PBXNativeTarget "GiphyGallery" */;
			buildPhases = (
				17BB3E5A25CDC80600DB7DFE /* Sources */,
				17BB3E5B25CDC80600DB7DFE /* Frameworks */,
				17BB3E5C25CDC80600DB7DFE /* Resources */,
			);
			buildRules = (
			);
			dependencies = (
			);
			name = GiphyGallery;
			productName = GiphyGallery;
			productReference = 17BB3E5E25CDC80600DB7DFE /* GiphyGallery.app */;
			productType = "com.apple.product-type.application";
		};
		17BB3E7325CDC80900DB7DFE /* GiphyGalleryTests */ = {
			isa = PBXNativeTarget;
			buildConfigurationList = 17BB3E8B25CDC80900DB7DFE /* Build configuration list for PBXNativeTarget "GiphyGalleryTests" */;
			buildPhases = (
				17BB3E7025CDC80900DB7DFE /* Sources */,
				17BB3E7125CDC80900DB7DFE /* Frameworks */,
				17BB3E7225CDC80900DB7DFE /* Resources */,
			);
			buildRules = (
			);
			dependencies = (
				17BB3E7625CDC80900DB7DFE /* PBXTargetDependency */,
			);
			name = GiphyGalleryTests;
			productName = GiphyGalleryTests;
			productReference = 17BB3E7425CDC80900DB7DFE /* GiphyGalleryTests.xctest */;
			productType = "com.apple.product-type.bundle.unit-test";
		};
		17BB3E7E25CDC80900DB7DFE /* GiphyGalleryUITests */ = {
			isa = PBXNativeTarget;
			buildConfigurationList = 17BB3E8E25CDC80900DB7DFE /* Build configuration list for PBXNativeTarget "GiphyGalleryUITests" */;
			buildPhases = (
				17BB3E7B25CDC80900DB7DFE /* Sources */,
				17BB3E7C25CDC80900DB7DFE /* Frameworks */,
				17BB3E7D25CDC80900DB7DFE /* Resources */,
			);
			buildRules = (
			);
			dependencies = (
				17BB3E8125CDC80900DB7DFE /* PBXTargetDependency */,
			);
			name = GiphyGalleryUITests;
			productName = GiphyGalleryUITests;
			productReference = 17BB3E7F25CDC80900DB7DFE /* GiphyGalleryUITests.xctest */;
			productType = "com.apple.product-type.bundle.ui-testing";
		};
/* End PBXNativeTarget section */

/* Begin PBXProject section */
		17BB3E5625CDC80600DB7DFE /* Project object */ = {
			isa = PBXProject;
			attributes = {
				LastSwiftUpdateCheck = 1240;
				LastUpgradeCheck = 1240;
				TargetAttributes = {
					17BB3E5D25CDC80600DB7DFE = {
						CreatedOnToolsVersion = 12.4;
					};
					17BB3E7325CDC80900DB7DFE = {
						CreatedOnToolsVersion = 12.4;
						TestTargetID = 17BB3E5D25CDC80600DB7DFE;
					};
					17BB3E7E25CDC80900DB7DFE = {
						CreatedOnToolsVersion = 12.4;
						TestTargetID = 17BB3E5D25CDC80600DB7DFE;
					};
				};
			};
			buildConfigurationList = 17BB3E5925CDC80600DB7DFE /* Build configuration list for PBXProject "GiphyGallery" */;
			compatibilityVersion = "Xcode 9.3";
			developmentRegion = en;
			hasScannedForEncodings = 0;
			knownRegions = (
				en,
				Base,
			);
			mainGroup = 17BB3E5525CDC80600DB7DFE;
			productRefGroup = 17BB3E5F25CDC80600DB7DFE /* Products */;
			projectDirPath = "";
			projectRoot = "";
			targets = (
				17BB3E5D25CDC80600DB7DFE /* GiphyGallery */,
				17BB3E7325CDC80900DB7DFE /* GiphyGalleryTests */,
				17BB3E7E25CDC80900DB7DFE /* GiphyGalleryUITests */,
			);
		};
/* End PBXProject section */

/* Begin PBXResourcesBuildPhase section */
		17BB3E5C25CDC80600DB7DFE /* Resources */ = {
			isa = PBXResourcesBuildPhase;
			buildActionMask = 2147483647;
			files = (
				17BB3E6E25CDC80900DB7DFE /* LaunchScreen.storyboard in Resources */,
				17BB3E6B25CDC80900DB7DFE /* Assets.xcassets in Resources */,
				17BB3E6925CDC80600DB7DFE /* Main.storyboard in Resources */,
			);
			runOnlyForDeploymentPostprocessing = 0;
		};
		17BB3E7225CDC80900DB7DFE /* Resources */ = {
			isa = PBXResourcesBuildPhase;
			buildActionMask = 2147483647;
			files = (
			);
			runOnlyForDeploymentPostprocessing = 0;
		};
		17BB3E7D25CDC80900DB7DFE /* Resources */ = {
			isa = PBXResourcesBuildPhase;
			buildActionMask = 2147483647;
			files = (
			);
			runOnlyForDeploymentPostprocessing = 0;
		};
/* End PBXResourcesBuildPhase section */

/* Begin PBXSourcesBuildPhase section */
		17BB3E5A25CDC80600DB7DFE /* Sources */ = {
			isa = PBXSourcesBuildPhase;
			buildActionMask = 2147483647;
			files = (
				17BB3E6625CDC80600DB7DFE /* ViewController.swift in Sources */,
				17BB3E6225CDC80600DB7DFE /* AppDelegate.swift in Sources */,
				17BB3E6425CDC80600DB7DFE /* SceneDelegate.swift in Sources */,
			);
			runOnlyForDeploymentPostprocessing = 0;
		};
		17BB3E7025CDC80900DB7DFE /* Sources */ = {
			isa = PBXSourcesBuildPhase;
			buildActionMask = 2147483647;
			files = (
				17BB3E7925CDC80900DB7DFE /* GiphyGalleryTests.swift in Sources */,
			);
			runOnlyForDeploymentPostprocessing = 0;
		};
		17BB3E7B25CDC80900DB7DFE /* Sources */ = {
			isa = PBXSourcesBuildPhase;
			buildActionMask = 2147483647;
			files = (
				17BB3E8425CDC80900DB7DFE /* GiphyGalleryUITests.swift in Sources */,
			);
			runOnlyForDeploymentPostprocessing = 0;
		};
/* End PBXSourcesBuildPhase section */

/* Begin PBXTargetDependency section */
		17BB3E7625CDC80900DB7DFE /* PBXTargetDependency */ = {
			isa = PBXTargetDependency;
			target = 17BB3E5D25CDC80600DB7DFE /* GiphyGallery */;
			targetProxy = 17BB3E7525CDC80900DB7DFE /* PBXContainerItemProxy */;
		};
		17BB3E8125CDC80900DB7DFE /* PBXTargetDependency */ = {
			isa = PBXTargetDependency;
			target = 17BB3E5D25CDC80600DB7DFE /* GiphyGallery */;
			targetProxy = 17BB3E8025CDC80900DB7DFE /* PBXContainerItemProxy */;
		};
/* End PBXTargetDependency section */

/* Begin PBXVariantGroup section */
		17BB3E6725CDC80600DB7DFE /* Main.storyboard */ = {
			isa = PBXVariantGroup;
			children = (
				17BB3E6825CDC80600DB7DFE /* Base */,
			);
			name = Main.storyboard;
			sourceTree = "<group>";
		};
		17BB3E6C25CDC80900DB7DFE /* LaunchScreen.storyboard */ = {
			isa = PBXVariantGroup;
			children = (
				17BB3E6D25CDC80900DB7DFE /* Base */,
			);
			name = LaunchScreen.storyboard;
			sourceTree = "<group>";
		};
/* End PBXVariantGroup section */

/* Begin XCBuildConfiguration section */
		17BB3E8625CDC80900DB7DFE /* Debug */ = {
			isa = XCBuildConfiguration;
			buildSettings = {
				ALWAYS_SEARCH_USER_PATHS = NO;
				CLANG_ANALYZER_NONNULL = YES;
				CLANG_ANALYZER_NUMBER_OBJECT_CONVERSION = YES_AGGRESSIVE;
				CLANG_CXX_LANGUAGE_STANDARD = "gnu++14";
				CLANG_CXX_LIBRARY = "libc++";
				CLANG_ENABLE_MODULES = YES;
				CLANG_ENABLE_OBJC_ARC = YES;
				CLANG_ENABLE_OBJC_WEAK = YES;
				CLANG_WARN_BLOCK_CAPTURE_AUTORELEASING = YES;
				CLANG_WARN_BOOL_CONVERSION = YES;
				CLANG_WARN_COMMA = YES;
				CLANG_WARN_CONSTANT_CONVERSION = YES;
				CLANG_WARN_DEPRECATED_OBJC_IMPLEMENTATIONS = YES;
				CLANG_WARN_DIRECT_OBJC_ISA_USAGE = YES_ERROR;
				CLANG_WARN_DOCUMENTATION_COMMENTS = YES;
				CLANG_WARN_EMPTY_BODY = YES;
				CLANG_WARN_ENUM_CONVERSION = YES;
				CLANG_WARN_INFINITE_RECURSION = YES;
				CLANG_WARN_INT_CONVERSION = YES;
				CLANG_WARN_NON_LITERAL_NULL_CONVERSION = YES;
				CLANG_WARN_OBJC_IMPLICIT_RETAIN_SELF = YES;
				CLANG_WARN_OBJC_LITERAL_CONVERSION = YES;
				CLANG_WARN_OBJC_ROOT_CLASS = YES_ERROR;
				CLANG_WARN_QUOTED_INCLUDE_IN_FRAMEWORK_HEADER = YES;
				CLANG_WARN_RANGE_LOOP_ANALYSIS = YES;
				CLANG_WARN_STRICT_PROTOTYPES = YES;
				CLANG_WARN_SUSPICIOUS_MOVE = YES;
				CLANG_WARN_UNGUARDED_AVAILABILITY = YES_AGGRESSIVE;
				CLANG_WARN_UNREACHABLE_CODE = YES;
				CLANG_WARN__DUPLICATE_METHOD_MATCH = YES;
				COPY_PHASE_STRIP = NO;
				DEBUG_INFORMATION_FORMAT = dwarf;
				ENABLE_STRICT_OBJC_MSGSEND = YES;
				ENABLE_TESTABILITY = YES;
				GCC_C_LANGUAGE_STANDARD = gnu11;
				GCC_DYNAMIC_NO_PIC = NO;
				GCC_NO_COMMON_BLOCKS = YES;
				GCC_OPTIMIZATION_LEVEL = 0;
				GCC_PREPROCESSOR_DEFINITIONS = (
					"DEBUG=1",
					"$(inherited)",
				);
				GCC_WARN_64_TO_32_BIT_CONVERSION = YES;
				GCC_WARN_ABOUT_RETURN_TYPE = YES_ERROR;
				GCC_WARN_UNDECLARED_SELECTOR = YES;
				GCC_WARN_UNINITIALIZED_AUTOS = YES_AGGRESSIVE;
				GCC_WARN_UNUSED_FUNCTION = YES;
				GCC_WARN_UNUSED_VARIABLE = YES;
				IPHONEOS_DEPLOYMENT_TARGET = 14.4;
				MTL_ENABLE_DEBUG_INFO = INCLUDE_SOURCE;
				MTL_FAST_MATH = YES;
				ONLY_ACTIVE_ARCH = YES;
				SDKROOT = iphoneos;
				SWIFT_ACTIVE_COMPILATION_CONDITIONS = DEBUG;
				SWIFT_OPTIMIZATION_LEVEL = "-Onone";
			};
			name = Debug;
		};
		17BB3E8725CDC80900DB7DFE /* Release */ = {
			isa = XCBuildConfiguration;
			buildSettings = {
				ALWAYS_SEARCH_USER_PATHS = NO;
				CLANG_ANALYZER_NONNULL = YES;
				CLANG_ANALYZER_NUMBER_OBJECT_CONVERSION = YES_AGGRESSIVE;
				CLANG_CXX_LANGUAGE_STANDARD = "gnu++14";
				CLANG_CXX_LIBRARY = "libc++";
				CLANG_ENABLE_MODULES = YES;
				CLANG_ENABLE_OBJC_ARC = YES;
				CLANG_ENABLE_OBJC_WEAK = YES;
				CLANG_WARN_BLOCK_CAPTURE_AUTORELEASING = YES;
				CLANG_WARN_BOOL_CONVERSION = YES;
				CLANG_WARN_COMMA = YES;
				CLANG_WARN_CONSTANT_CONVERSION = YES;
				CLANG_WARN_DEPRECATED_OBJC_IMPLEMENTATIONS = YES;
				CLANG_WARN_DIRECT_OBJC_ISA_USAGE = YES_ERROR;
				CLANG_WARN_DOCUMENTATION_COMMENTS = YES;
				CLANG_WARN_EMPTY_BODY = YES;
				CLANG_WARN_ENUM_CONVERSION = YES;
				CLANG_WARN_INFINITE_RECURSION = YES;
				CLANG_WARN_INT_CONVERSION = YES;
				CLANG_WARN_NON_LITERAL_NULL_CONVERSION = YES;
				CLANG_WARN_OBJC_IMPLICIT_RETAIN_SELF = YES;
				CLANG_WARN_OBJC_LITERAL_CONVERSION = YES;
				CLANG_WARN_OBJC_ROOT_CLASS = YES_ERROR;
				CLANG_WARN_QUOTED_INCLUDE_IN_FRAMEWORK_HEADER = YES;
				CLANG_WARN_RANGE_LOOP_ANALYSIS = YES;
				CLANG_WARN_STRICT_PROTOTYPES = YES;
				CLANG_WARN_SUSPICIOUS_MOVE = YES;
				CLANG_WARN_UNGUARDED_AVAILABILITY = YES_AGGRESSIVE;
				CLANG_WARN_UNREACHABLE_CODE = YES;
				CLANG_WARN__DUPLICATE_METHOD_MATCH = YES;
				COPY_PHASE_STRIP = NO;
				DEBUG_INFORMATION_FORMAT = "dwarf-with-dsym";
				ENABLE_NS_ASSERTIONS = NO;
				ENABLE_STRICT_OBJC_MSGSEND = YES;
				GCC_C_LANGUAGE_STANDARD = gnu11;
				GCC_NO_COMMON_BLOCKS = YES;
				GCC_WARN_64_TO_32_BIT_CONVERSION = YES;
				GCC_WARN_ABOUT_RETURN_TYPE = YES_ERROR;
				GCC_WARN_UNDECLARED_SELECTOR = YES;
				GCC_WARN_UNINITIALIZED_AUTOS = YES_AGGRESSIVE;
				GCC_WARN_UNUSED_FUNCTION = YES;
				GCC_WARN_UNUSED_VARIABLE = YES;
				IPHONEOS_DEPLOYMENT_TARGET = 14.4;
				MTL_ENABLE_DEBUG_INFO = NO;
				MTL_FAST_MATH = YES;
				SDKROOT = iphoneos;
				SWIFT_COMPILATION_MODE = wholemodule;
				SWIFT_OPTIMIZATION_LEVEL = "-O";
				VALIDATE_PRODUCT = YES;
			};
			name = Release;
		};
		17BB3E8925CDC80900DB7DFE /* Debug */ = {
			isa = XCBuildConfiguration;
			buildSettings = {
				ASSETCATALOG_COMPILER_APPICON_NAME = AppIcon;
				ASSETCATALOG_COMPILER_GLOBAL_ACCENT_COLOR_NAME = AccentColor;
				CODE_SIGN_STYLE = Automatic;
				DEVELOPMENT_TEAM = TTQKV8DY33;
				INFOPLIST_FILE = GiphyGallery/Info.plist;
				LD_RUNPATH_SEARCH_PATHS = (
					"$(inherited)",
					"@executable_path/Frameworks",
				);
				PRODUCT_BUNDLE_IDENTIFIER = rudra.testing.GiphyGallery;
				PRODUCT_NAME = "$(TARGET_NAME)";
				SWIFT_VERSION = 5.0;
				TARGETED_DEVICE_FAMILY = "1,2";
			};
			name = Debug;
		};
		17BB3E8A25CDC80900DB7DFE /* Release */ = {
			isa = XCBuildConfiguration;
			buildSettings = {
				ASSETCATALOG_COMPILER_APPICON_NAME = AppIcon;
				ASSETCATALOG_COMPILER_GLOBAL_ACCENT_COLOR_NAME = AccentColor;
				CODE_SIGN_STYLE = Automatic;
				DEVELOPMENT_TEAM = TTQKV8DY33;
				INFOPLIST_FILE = GiphyGallery/Info.plist;
				LD_RUNPATH_SEARCH_PATHS = (
					"$(inherited)",
					"@executable_path/Frameworks",
				);
				PRODUCT_BUNDLE_IDENTIFIER = rudra.testing.GiphyGallery;
				PRODUCT_NAME = "$(TARGET_NAME)";
				SWIFT_VERSION = 5.0;
				TARGETED_DEVICE_FAMILY = "1,2";
			};
			name = Release;
		};
		17BB3E8C25CDC80900DB7DFE /* Debug */ = {
			isa = XCBuildConfiguration;
			buildSettings = {
				ALWAYS_EMBED_SWIFT_STANDARD_LIBRARIES = YES;
				BUNDLE_LOADER = "$(TEST_HOST)";
				CODE_SIGN_STYLE = Automatic;
				DEVELOPMENT_TEAM = TTQKV8DY33;
				INFOPLIST_FILE = GiphyGalleryTests/Info.plist;
				IPHONEOS_DEPLOYMENT_TARGET = 14.4;
				LD_RUNPATH_SEARCH_PATHS = (
					"$(inherited)",
					"@executable_path/Frameworks",
					"@loader_path/Frameworks",
				);
				PRODUCT_BUNDLE_IDENTIFIER = rudra.testing.GiphyGalleryTests;
				PRODUCT_NAME = "$(TARGET_NAME)";
				SWIFT_VERSION = 5.0;
				TARGETED_DEVICE_FAMILY = "1,2";
				TEST_HOST = "$(BUILT_PRODUCTS_DIR)/GiphyGallery.app/GiphyGallery";
			};
			name = Debug;
		};
		17BB3E8D25CDC80900DB7DFE /* Release */ = {
			isa = XCBuildConfiguration;
			buildSettings = {
				ALWAYS_EMBED_SWIFT_STANDARD_LIBRARIES = YES;
				BUNDLE_LOADER = "$(TEST_HOST)";
				CODE_SIGN_STYLE = Automatic;
				DEVELOPMENT_TEAM = TTQKV8DY33;
				INFOPLIST_FILE = GiphyGalleryTests/Info.plist;
				IPHONEOS_DEPLOYMENT_TARGET = 14.4;
				LD_RUNPATH_SEARCH_PATHS = (
					"$(inherited)",
					"@executable_path/Frameworks",
					"@loader_path/Frameworks",
				);
				PRODUCT_BUNDLE_IDENTIFIER = rudra.testing.GiphyGalleryTests;
				PRODUCT_NAME = "$(TARGET_NAME)";
				SWIFT_VERSION = 5.0;
				TARGETED_DEVICE_FAMILY = "1,2";
				TEST_HOST = "$(BUILT_PRODUCTS_DIR)/GiphyGallery.app/GiphyGallery";
			};
			name = Release;
		};
		17BB3E8F25CDC80900DB7DFE /* Debug */ = {
			isa = XCBuildConfiguration;
			buildSettings = {
				ALWAYS_EMBED_SWIFT_STANDARD_LIBRARIES = YES;
				CODE_SIGN_STYLE = Automatic;
				DEVELOPMENT_TEAM = TTQKV8DY33;
				INFOPLIST_FILE = GiphyGalleryUITests/Info.plist;
				LD_RUNPATH_SEARCH_PATHS = (
					"$(inherited)",
					"@executable_path/Frameworks",
					"@loader_path/Frameworks",
				);
				PRODUCT_BUNDLE_IDENTIFIER = rudra.testing.GiphyGalleryUITests;
				PRODUCT_NAME = "$(TARGET_NAME)";
				SWIFT_VERSION = 5.0;
				TARGETED_DEVICE_FAMILY = "1,2";
				TEST_TARGET_NAME = GiphyGallery;
			};
			name = Debug;
		};
		17BB3E9025CDC80900DB7DFE /* Release */ = {
			isa = XCBuildConfiguration;
			buildSettings = {
				ALWAYS_EMBED_SWIFT_STANDARD_LIBRARIES = YES;
				CODE_SIGN_STYLE = Automatic;
				DEVELOPMENT_TEAM = TTQKV8DY33;
				INFOPLIST_FILE = GiphyGalleryUITests/Info.plist;
				LD_RUNPATH_SEARCH_PATHS = (
					"$(inherited)",
					"@executable_path/Frameworks",
					"@loader_path/Frameworks",
				);
				PRODUCT_BUNDLE_IDENTIFIER = rudra.testing.GiphyGalleryUITests;
				PRODUCT_NAME = "$(TARGET_NAME)";
				SWIFT_VERSION = 5.0;
				TARGETED_DEVICE_FAMILY = "1,2";
				TEST_TARGET_NAME = GiphyGallery;
			};
			name = Release;
		};
/* End XCBuildConfiguration section */

/* Begin XCConfigurationList section */
		17BB3E5925CDC80600DB7DFE /* Build configuration list for PBXProject "GiphyGallery" */ = {
			isa = XCConfigurationList;
			buildConfigurations = (
				17BB3E8625CDC80900DB7DFE /* Debug */,
				17BB3E8725CDC80900DB7DFE /* Release */,
			);
			defaultConfigurationIsVisible = 0;
			defaultConfigurationName = Release;
		};
		17BB3E8825CDC80900DB7DFE /* Build configuration list for PBXNativeTarget "GiphyGallery" */ = {
			isa = XCConfigurationList;
			buildConfigurations = (
				17BB3E8925CDC80900DB7DFE /* Debug */,
				17BB3E8A25CDC80900DB7DFE /* Release */,
			);
			defaultConfigurationIsVisible = 0;
			defaultConfigurationName = Release;
		};
		17BB3E8B25CDC80900DB7DFE /* Build configuration list for PBXNativeTarget "GiphyGalleryTests" */ = {
			isa = XCConfigurationList;
			buildConfigurations = (
				17BB3E8C25CDC80900DB7DFE /* Debug */,
				17BB3E8D25CDC80900DB7DFE /* Release */,
			);
			defaultConfigurationIsVisible = 0;
			defaultConfigurationName = Release;
		};
		17BB3E8E25CDC80900DB7DFE /* Build configuration list for PBXNativeTarget "GiphyGalleryUITests" */ = {
			isa = XCConfigurationList;
			buildConfigurations = (
				17BB3E8F25CDC80900DB7DFE /* Debug */,
				17BB3E9025CDC80900DB7DFE /* Release */,
			);
			defaultConfigurationIsVisible = 0;
			defaultConfigurationName = Release;
		};
/* End XCConfigurationList section */
	};
	rootObject = 17BB3E5625CDC80600DB7DFE /* Project object */;
}
