// !$*UTF8*$!
{
	archiveVersion = 1;
	classes = {
	};
	objectVersion = 51;
	objects = {

/* Begin PBXBuildFile section */
		17BB3E6225CDC80600DB7DFE /* AppDelegate.swift in Sources */ = {isa = PBXBuildFile; fileRef = 17BB3E6125CDC80600DB7DFE /* AppDelegate.swift */; };
		17BB3E6425CDC80600DB7DFE /* SceneDelegate.swift in Sources */ = {isa = PBXBuildFile; fileRef = 17BB3E6325CDC80600DB7DFE /* SceneDelegate.swift */; };
		17BB3E6625CDC80600DB7DFE /* ViewController.swift in Sources */ = {isa = PBXBuildFile; fileRef = 17BB3E6525CDC80600DB7DFE /* ViewController.swift */; };
		17BB3E6925CDC80600DB7DFE /* Main.storyboard in Resources */ = {isa = PBXBuildFile; fileRef = 17BB3E6725CDC80600DB7DFE /* Main.storyboard */; };
		17BB3E6B25CDC80900DB7DFE /* Assets.xcassets in Resources */ = {isa = PBXBuildFile; fileRef = 17BB3E6A25CDC80900DB7DFE /* Assets.xcassets */; };
		17BB3E6E25CDC80900DB7DFE /* LaunchScreen.storyboard in Resources */ = {isa = PBXBuildFile; fileRef = 17BB3E6C25CDC80900DB7DFE /* LaunchScreen.storyboard */; };
		67DA4A69961600B1302822D1 /* Pods_GiphyGallery.framework in Frameworks */ = {isa = PBXBuildFile; fileRef = 345DEAEE319938CD71C4E787 /* Pods_GiphyGallery.framework */; };
/* End PBXBuildFile section */

/* Begin PBXCopyFilesBuildPhase section */
		17BB3EB025CDCFD900DB7DFE /* Embed Frameworks */ = {
			isa = PBXCopyFilesBuildPhase;
			buildActionMask = 2147483647;
			dstPath = "";
			dstSubfolderSpec = 10;
			files = (
			);
			name = "Embed Frameworks";
			runOnlyForDeploymentPostprocessing = 0;
		};
/* End PBXCopyFilesBuildPhase section */

/* Begin PBXFileReference section */
		17BB3E5E25CDC80600DB7DFE /* GiphyGallery.app */ = {isa = PBXFileReference; explicitFileType = wrapper.application; includeInIndex = 0; path = GiphyGallery.app; sourceTree = BUILT_PRODUCTS_DIR; };
		17BB3E6125CDC80600DB7DFE /* AppDelegate.swift */ = {isa = PBXFileReference; lastKnownFileType = sourcecode.swift; path = AppDelegate.swift; sourceTree = "<group>"; };
		17BB3E6325CDC80600DB7DFE /* SceneDelegate.swift */ = {isa = PBXFileReference; lastKnownFileType = sourcecode.swift; path = SceneDelegate.swift; sourceTree = "<group>"; };
		17BB3E6525CDC80600DB7DFE /* ViewController.swift */ = {isa = PBXFileReference; lastKnownFileType = sourcecode.swift; path = ViewController.swift; sourceTree = "<group>"; };
		17BB3E6825CDC80600DB7DFE /* Base */ = {isa = PBXFileReference; lastKnownFileType = file.storyboard; name = Base; path = Base.lproj/Main.storyboard; sourceTree = "<group>"; };
		17BB3E6A25CDC80900DB7DFE /* Assets.xcassets */ = {isa = PBXFileReference; lastKnownFileType = folder.assetcatalog; path = Assets.xcassets; sourceTree = "<group>"; };
		17BB3E6D25CDC80900DB7DFE /* Base */ = {isa = PBXFileReference; lastKnownFileType = file.storyboard; name = Base; path = Base.lproj/LaunchScreen.storyboard; sourceTree = "<group>"; };
		17BB3E6F25CDC80900DB7DFE /* Info.plist */ = {isa = PBXFileReference; lastKnownFileType = text.plist.xml; path = Info.plist; sourceTree = "<group>"; };
		17BB3E7825CDC80900DB7DFE /* GiphyGalleryTests.swift */ = {isa = PBXFileReference; lastKnownFileType = sourcecode.swift; path = GiphyGalleryTests.swift; sourceTree = "<group>"; };
		17BB3E7A25CDC80900DB7DFE /* Info.plist */ = {isa = PBXFileReference; lastKnownFileType = text.plist.xml; path = Info.plist; sourceTree = "<group>"; };
		17BB3E8325CDC80900DB7DFE /* GiphyGalleryUITests.swift */ = {isa = PBXFileReference; lastKnownFileType = sourcecode.swift; path = GiphyGalleryUITests.swift; sourceTree = "<group>"; };
		17BB3E8525CDC80900DB7DFE /* Info.plist */ = {isa = PBXFileReference; lastKnownFileType = text.plist.xml; path = Info.plist; sourceTree = "<group>"; };
		345DEAEE319938CD71C4E787 /* Pods_GiphyGallery.framework */ = {isa = PBXFileReference; explicitFileType = wrapper.framework; includeInIndex = 0; path = Pods_GiphyGallery.framework; sourceTree = BUILT_PRODUCTS_DIR; };
		67C0C34AD87E9F8F8F76E4FA /* Pods-GiphyGallery.debug.xcconfig */ = {isa = PBXFileReference; includeInIndex = 1; lastKnownFileType = text.xcconfig; name = "Pods-GiphyGallery.debug.xcconfig"; path = "Target Support Files/Pods-GiphyGallery/Pods-GiphyGallery.debug.xcconfig"; sourceTree = "<group>"; };
		C414F24EE96D96FC97306FB6 /* Pods-GiphyGallery.release.xcconfig */ = {isa = PBXFileReference; includeInIndex = 1; lastKnownFileType = text.xcconfig; name = "Pods-GiphyGallery.release.xcconfig"; path = "Target Support Files/Pods-GiphyGallery/Pods-GiphyGallery.release.xcconfig"; sourceTree = "<group>"; };
/* End PBXFileReference section */

/* Begin PBXFrameworksBuildPhase section */
		17BB3E5B25CDC80600DB7DFE /* Frameworks */ = {
			isa = PBXFrameworksBuildPhase;
			buildActionMask = 2147483647;
			files = (
				67DA4A69961600B1302822D1 /* Pods_GiphyGallery.framework in Frameworks */,
			);
			runOnlyForDeploymentPostprocessing = 0;
		};
/* End PBXFrameworksBuildPhase section */

/* Begin PBXGroup section */
		17BB3E5525CDC80600DB7DFE = {
			isa = PBXGroup;
			children = (
				17BB3E6025CDC80600DB7DFE /* GiphyGallery */,
				17BB3E7725CDC80900DB7DFE /* GiphyGalleryTests */,
				17BB3E8225CDC80900DB7DFE /* GiphyGalleryUITests */,
				17BB3E5F25CDC80600DB7DFE /* Products */,
				B2EF8FB79C9D09F40A18CCD6 /* Pods */,
				29F99E39AD2A0583F4FA1842 /* Frameworks */,
			);
			sourceTree = "<group>";
		};
		17BB3E5F25CDC80600DB7DFE /* Products */ = {
			isa = PBXGroup;
			children = (
				17BB3E5E25CDC80600DB7DFE /* GiphyGallery.app */,
			);
			name = Products;
			sourceTree = "<group>";
		};
		17BB3E6025CDC80600DB7DFE /* GiphyGallery */ = {
			isa = PBXGroup;
			children = (
				17BB3E6125CDC80600DB7DFE /* AppDelegate.swift */,
				17BB3E6325CDC80600DB7DFE /* SceneDelegate.swift */,
				17BB3E6525CDC80600DB7DFE /* ViewController.swift */,
				17BB3E6725CDC80600DB7DFE /* Main.storyboard */,
				17BB3E6A25CDC80900DB7DFE /* Assets.xcassets */,
				17BB3E6C25CDC80900DB7DFE /* LaunchScreen.storyboard */,
				17BB3E6F25CDC80900DB7DFE /* Info.plist */,
			);
			path = GiphyGallery;
			sourceTree = "<group>";
		};
		17BB3E7725CDC80900DB7DFE /* GiphyGalleryTests */ = {
			isa = PBXGroup;
			children = (
				17BB3E7825CDC80900DB7DFE /* GiphyGalleryTests.swift */,
				17BB3E7A25CDC80900DB7DFE /* Info.plist */,
			);
			path = GiphyGalleryTests;
			sourceTree = "<group>";
		};
		17BB3E8225CDC80900DB7DFE /* GiphyGalleryUITests */ = {
			isa = PBXGroup;
			children = (
				17BB3E8325CDC80900DB7DFE /* GiphyGalleryUITests.swift */,
				17BB3E8525CDC80900DB7DFE /* Info.plist */,
			);
			path = GiphyGalleryUITests;
			sourceTree = "<group>";
		};
		29F99E39AD2A0583F4FA1842 /* Frameworks */ = {
			isa = PBXGroup;
			children = (
				345DEAEE319938CD71C4E787 /* Pods_GiphyGallery.framework */,
			);
			name = Frameworks;
			sourceTree = "<group>";
		};
		B2EF8FB79C9D09F40A18CCD6 /* Pods */ = {
			isa = PBXGroup;
			children = (
				67C0C34AD87E9F8F8F76E4FA /* Pods-GiphyGallery.debug.xcconfig */,
				C414F24EE96D96FC97306FB6 /* Pods-GiphyGallery.release.xcconfig */,
			);
			path = Pods;
			sourceTree = "<group>";
		};
/* End PBXGroup section */

/* Begin PBXNativeTarget section */
		17BB3E5D25CDC80600DB7DFE /* GiphyGallery */ = {
			isa = PBXNativeTarget;
			buildConfigurationList = 17BB3E8825CDC80900DB7DFE /* Build configuration list for PBXNativeTarget "GiphyGallery" */;
			buildPhases = (
				8EE26D01E6B66FBCB30C8E30 /* [CP] Check Pods Manifest.lock */,
				17BB3E5A25CDC80600DB7DFE /* Sources */,
				17BB3E5B25CDC80600DB7DFE /* Frameworks */,
				17BB3E5C25CDC80600DB7DFE /* Resources */,
				CED9962C8376F3699B7BF5ED /* [CP] Embed Pods Frameworks */,
				17BB3EB025CDCFD900DB7DFE /* Embed Frameworks */,
			);
			buildRules = (
			);
			dependencies = (
			);
			name = GiphyGallery;
			productName = GiphyGallery;
			productReference = 17BB3E5E25CDC80600DB7DFE /* GiphyGallery.app */;
			productType = "com.apple.product-type.application";
		};
/* End PBXNativeTarget section */

/* Begin PBXProject section */
		17BB3E5625CDC80600DB7DFE /* Project object */ = {
			isa = PBXProject;
			attributes = {
				LastSwiftUpdateCheck = 1240;
				LastUpgradeCheck = 1240;
				TargetAttributes = {
					17BB3E5D25CDC80600DB7DFE = {
						CreatedOnToolsVersion = 12.4;
					};
				};
			};
			buildConfigurationList = 17BB3E5925CDC80600DB7DFE /* Build configuration list for PBXProject "GiphyGallery" */;
			compatibilityVersion = "Xcode 9.3";
			developmentRegion = en;
			hasScannedForEncodings = 0;
			knownRegions = (
				en,
				Base,
			);
			mainGroup = 17BB3E5525CDC80600DB7DFE;
			productRefGroup = 17BB3E5F25CDC80600DB7DFE /* Products */;
			projectDirPath = "";
			projectRoot = "";
			targets = (
				17BB3E5D25CDC80600DB7DFE /* GiphyGallery */,
			);
		};
/* End PBXProject section */

/* Begin PBXResourcesBuildPhase section */
		17BB3E5C25CDC80600DB7DFE /* Resources */ = {
			isa = PBXResourcesBuildPhase;
			buildActionMask = 2147483647;
			files = (
				17BB3E6E25CDC80900DB7DFE /* LaunchScreen.storyboard in Resources */,
				17BB3E6B25CDC80900DB7DFE /* Assets.xcassets in Resources */,
				17BB3E6925CDC80600DB7DFE /* Main.storyboard in Resources */,
			);
			runOnlyForDeploymentPostprocessing = 0;
		};
/* End PBXResourcesBuildPhase section */

/* Begin PBXShellScriptBuildPhase section */
		8EE26D01E6B66FBCB30C8E30 /* [CP] Check Pods Manifest.lock */ = {
			isa = PBXShellScriptBuildPhase;
			buildActionMask = 2147483647;
			files = (
			);
			inputFileListPaths = (
			);
			inputPaths = (
				"${PODS_PODFILE_DIR_PATH}/Podfile.lock",
				"${PODS_ROOT}/Manifest.lock",
			);
			name = "[CP] Check Pods Manifest.lock";
			outputFileListPaths = (
			);
			outputPaths = (
				"$(DERIVED_FILE_DIR)/Pods-GiphyGallery-checkManifestLockResult.txt",
			);
			runOnlyForDeploymentPostprocessing = 0;
			shellPath = /bin/sh;
			shellScript = "diff \"${PODS_PODFILE_DIR_PATH}/Podfile.lock\" \"${PODS_ROOT}/Manifest.lock\" > /dev/null\nif [ $? != 0 ] ; then\n    # print error to STDERR\n    echo \"error: The sandbox is not in sync with the Podfile.lock. Run 'pod install' or update your CocoaPods installation.\" >&2\n    exit 1\nfi\n# This output is used by Xcode 'outputs' to avoid re-running this script phase.\necho \"SUCCESS\" > \"${SCRIPT_OUTPUT_FILE_0}\"\n";
			showEnvVarsInLog = 0;
		};
		CED9962C8376F3699B7BF5ED /* [CP] Embed Pods Frameworks */ = {
			isa = PBXShellScriptBuildPhase;
			buildActionMask = 2147483647;
			files = (
			);
			inputFileListPaths = (
				"${PODS_ROOT}/Target Support Files/Pods-GiphyGallery/Pods-GiphyGallery-frameworks-${CONFIGURATION}-input-files.xcfilelist",
			);
			name = "[CP] Embed Pods Frameworks";
			outputFileListPaths = (
				"${PODS_ROOT}/Target Support Files/Pods-GiphyGallery/Pods-GiphyGallery-frameworks-${CONFIGURATION}-output-files.xcfilelist",
			);
			runOnlyForDeploymentPostprocessing = 0;
			shellPath = /bin/sh;
			shellScript = "\"${PODS_ROOT}/Target Support Files/Pods-GiphyGallery/Pods-GiphyGallery-frameworks.sh\"\n";
			showEnvVarsInLog = 0;
		};
/* End PBXShellScriptBuildPhase section */

/* Begin PBXSourcesBuildPhase section */
		17BB3E5A25CDC80600DB7DFE /* Sources */ = {
			isa = PBXSourcesBuildPhase;
			buildActionMask = 2147483647;
			files = (
				17BB3E6625CDC80600DB7DFE /* ViewController.swift in Sources */,
				17BB3E6225CDC80600DB7DFE /* AppDelegate.swift in Sources */,
				17BB3E6425CDC80600DB7DFE /* SceneDelegate.swift in Sources */,
			);
			runOnlyForDeploymentPostprocessing = 0;
		};
/* End PBXSourcesBuildPhase section */

/* Begin PBXVariantGroup section */
		17BB3E6725CDC80600DB7DFE /* Main.storyboard */ = {
			isa = PBXVariantGroup;
			children = (
				17BB3E6825CDC80600DB7DFE /* Base */,
			);
			name = Main.storyboard;
			sourceTree = "<group>";
		};
		17BB3E6C25CDC80900DB7DFE /* LaunchScreen.storyboard */ = {
			isa = PBXVariantGroup;
			children = (
				17BB3E6D25CDC80900DB7DFE /* Base */,
			);
			name = LaunchScreen.storyboard;
			sourceTree = "<group>";
		};
/* End PBXVariantGroup section */

/* Begin XCBuildConfiguration section */
		17BB3E8625CDC80900DB7DFE /* Debug */ = {
			isa = XCBuildConfiguration;
			buildSettings = {
				ALWAYS_SEARCH_USER_PATHS = NO;
				CLANG_ANALYZER_NONNULL = YES;
				CLANG_ANALYZER_NUMBER_OBJECT_CONVERSION = YES_AGGRESSIVE;
				CLANG_CXX_LANGUAGE_STANDARD = "gnu++14";
				CLANG_CXX_LIBRARY = "libc++";
				CLANG_ENABLE_MODULES = YES;
				CLANG_ENABLE_OBJC_ARC = YES;
				CLANG_ENABLE_OBJC_WEAK = YES;
				CLANG_WARN_BLOCK_CAPTURE_AUTORELEASING = YES;
				CLANG_WARN_BOOL_CONVERSION = YES;
				CLANG_WARN_COMMA = YES;
				CLANG_WARN_CONSTANT_CONVERSION = YES;
				CLANG_WARN_DEPRECATED_OBJC_IMPLEMENTATIONS = YES;
				CLANG_WARN_DIRECT_OBJC_ISA_USAGE = YES_ERROR;
				CLANG_WARN_DOCUMENTATION_COMMENTS = YES;
				CLANG_WARN_EMPTY_BODY = YES;
				CLANG_WARN_ENUM_CONVERSION = YES;
				CLANG_WARN_INFINITE_RECURSION = YES;
				CLANG_WARN_INT_CONVERSION = YES;
				CLANG_WARN_NON_LITERAL_NULL_CONVERSION = YES;
				CLANG_WARN_OBJC_IMPLICIT_RETAIN_SELF = YES;
				CLANG_WARN_OBJC_LITERAL_CONVERSION = YES;
				CLANG_WARN_OBJC_ROOT_CLASS = YES_ERROR;
				CLANG_WARN_QUOTED_INCLUDE_IN_FRAMEWORK_HEADER = YES;
				CLANG_WARN_RANGE_LOOP_ANALYSIS = YES;
				CLANG_WARN_STRICT_PROTOTYPES = YES;
				CLANG_WARN_SUSPICIOUS_MOVE = YES;
				CLANG_WARN_UNGUARDED_AVAILABILITY = YES_AGGRESSIVE;
				CLANG_WARN_UNREACHABLE_CODE = YES;
				CLANG_WARN__DUPLICATE_METHOD_MATCH = YES;
				COPY_PHASE_STRIP = NO;
				DEBUG_INFORMATION_FORMAT = dwarf;
				ENABLE_STRICT_OBJC_MSGSEND = YES;
				ENABLE_TESTABILITY = YES;
				GCC_C_LANGUAGE_STANDARD = gnu11;
				GCC_DYNAMIC_NO_PIC = NO;
				GCC_NO_COMMON_BLOCKS = YES;
				GCC_OPTIMIZATION_LEVEL = 0;
				GCC_PREPROCESSOR_DEFINITIONS = (
					"DEBUG=1",
					"$(inherited)",
				);
				GCC_WARN_64_TO_32_BIT_CONVERSION = YES;
				GCC_WARN_ABOUT_RETURN_TYPE = YES_ERROR;
				GCC_WARN_UNDECLARED_SELECTOR = YES;
				GCC_WARN_UNINITIALIZED_AUTOS = YES_AGGRESSIVE;
				GCC_WARN_UNUSED_FUNCTION = YES;
				GCC_WARN_UNUSED_VARIABLE = YES;
				IPHONEOS_DEPLOYMENT_TARGET = 14.4;
				MTL_ENABLE_DEBUG_INFO = INCLUDE_SOURCE;
				MTL_FAST_MATH = YES;
				ONLY_ACTIVE_ARCH = YES;
				SDKROOT = iphoneos;
				SWIFT_ACTIVE_COMPILATION_CONDITIONS = DEBUG;
				SWIFT_OPTIMIZATION_LEVEL = "-Onone";
			};
			name = Debug;
		};
		17BB3E8725CDC80900DB7DFE /* Release */ = {
			isa = XCBuildConfiguration;
			buildSettings = {
				ALWAYS_SEARCH_USER_PATHS = NO;
				CLANG_ANALYZER_NONNULL = YES;
				CLANG_ANALYZER_NUMBER_OBJECT_CONVERSION = YES_AGGRESSIVE;
				CLANG_CXX_LANGUAGE_STANDARD = "gnu++14";
				CLANG_CXX_LIBRARY = "libc++";
				CLANG_ENABLE_MODULES = YES;
				CLANG_ENABLE_OBJC_ARC = YES;
				CLANG_ENABLE_OBJC_WEAK = YES;
				CLANG_WARN_BLOCK_CAPTURE_AUTORELEASING = YES;
				CLANG_WARN_BOOL_CONVERSION = YES;
				CLANG_WARN_COMMA = YES;
				CLANG_WARN_CONSTANT_CONVERSION = YES;
				CLANG_WARN_DEPRECATED_OBJC_IMPLEMENTATIONS = YES;
				CLANG_WARN_DIRECT_OBJC_ISA_USAGE = YES_ERROR;
				CLANG_WARN_DOCUMENTATION_COMMENTS = YES;
				CLANG_WARN_EMPTY_BODY = YES;
				CLANG_WARN_ENUM_CONVERSION = YES;
				CLANG_WARN_INFINITE_RECURSION = YES;
				CLANG_WARN_INT_CONVERSION = YES;
				CLANG_WARN_NON_LITERAL_NULL_CONVERSION = YES;
				CLANG_WARN_OBJC_IMPLICIT_RETAIN_SELF = YES;
				CLANG_WARN_OBJC_LITERAL_CONVERSION = YES;
				CLANG_WARN_OBJC_ROOT_CLASS = YES_ERROR;
				CLANG_WARN_QUOTED_INCLUDE_IN_FRAMEWORK_HEADER = YES;
				CLANG_WARN_RANGE_LOOP_ANALYSIS = YES;
				CLANG_WARN_STRICT_PROTOTYPES = YES;
				CLANG_WARN_SUSPICIOUS_MOVE = YES;
				CLANG_WARN_UNGUARDED_AVAILABILITY = YES_AGGRESSIVE;
				CLANG_WARN_UNREACHABLE_CODE = YES;
				CLANG_WARN__DUPLICATE_METHOD_MATCH = YES;
				COPY_PHASE_STRIP = NO;
				DEBUG_INFORMATION_FORMAT = "dwarf-with-dsym";
				ENABLE_NS_ASSERTIONS = NO;
				ENABLE_STRICT_OBJC_MSGSEND = YES;
				GCC_C_LANGUAGE_STANDARD = gnu11;
				GCC_NO_COMMON_BLOCKS = YES;
				GCC_WARN_64_TO_32_BIT_CONVERSION = YES;
				GCC_WARN_ABOUT_RETURN_TYPE = YES_ERROR;
				GCC_WARN_UNDECLARED_SELECTOR = YES;
				GCC_WARN_UNINITIALIZED_AUTOS = YES_AGGRESSIVE;
				GCC_WARN_UNUSED_FUNCTION = YES;
				GCC_WARN_UNUSED_VARIABLE = YES;
				IPHONEOS_DEPLOYMENT_TARGET = 14.4;
				MTL_ENABLE_DEBUG_INFO = NO;
				MTL_FAST_MATH = YES;
				SDKROOT = iphoneos;
				SWIFT_COMPILATION_MODE = wholemodule;
				SWIFT_OPTIMIZATION_LEVEL = "-O";
				VALIDATE_PRODUCT = YES;
			};
			name = Release;
		};
		17BB3E8925CDC80900DB7DFE /* Debug */ = {
			isa = XCBuildConfiguration;
			baseConfigurationReference = 67C0C34AD87E9F8F8F76E4FA /* Pods-GiphyGallery.debug.xcconfig */;
			buildSettings = {
				ASSETCATALOG_COMPILER_APPICON_NAME = AppIcon;
				ASSETCATALOG_COMPILER_GLOBAL_ACCENT_COLOR_NAME = AccentColor;
				CODE_SIGN_STYLE = Automatic;
				DEVELOPMENT_TEAM = TTQKV8DY33;
				INFOPLIST_FILE = GiphyGallery/Info.plist;
				LD_RUNPATH_SEARCH_PATHS = (
					"$(inherited)",
					"@executable_path/Frameworks",
				);
				PRODUCT_BUNDLE_IDENTIFIER = rudra.testing.GiphyGallery;
				PRODUCT_NAME = "$(TARGET_NAME)";
				SWIFT_VERSION = 5.0;
				TARGETED_DEVICE_FAMILY = "1,2";
			};
			name = Debug;
		};
		17BB3E8A25CDC80900DB7DFE /* Release */ = {
			isa = XCBuildConfiguration;
			baseConfigurationReference = C414F24EE96D96FC97306FB6 /* Pods-GiphyGallery.release.xcconfig */;
			buildSettings = {
				ASSETCATALOG_COMPILER_APPICON_NAME = AppIcon;
				ASSETCATALOG_COMPILER_GLOBAL_ACCENT_COLOR_NAME = AccentColor;
				CODE_SIGN_STYLE = Automatic;
				DEVELOPMENT_TEAM = TTQKV8DY33;
				INFOPLIST_FILE = GiphyGallery/Info.plist;
				LD_RUNPATH_SEARCH_PATHS = (
					"$(inherited)",
					"@executable_path/Frameworks",
				);
				PRODUCT_BUNDLE_IDENTIFIER = rudra.testing.GiphyGallery;
				PRODUCT_NAME = "$(TARGET_NAME)";
				SWIFT_VERSION = 5.0;
				TARGETED_DEVICE_FAMILY = "1,2";
			};
			name = Release;
		};
/* End XCBuildConfiguration section */

/* Begin XCConfigurationList section */
		17BB3E5925CDC80600DB7DFE /* Build configuration list for PBXProject "GiphyGallery" */ = {
			isa = XCConfigurationList;
			buildConfigurations = (
				17BB3E8625CDC80900DB7DFE /* Debug */,
				17BB3E8725CDC80900DB7DFE /* Release */,
			);
			defaultConfigurationIsVisible = 0;
			defaultConfigurationName = Release;
		};
		17BB3E8825CDC80900DB7DFE /* Build configuration list for PBXNativeTarget "GiphyGallery" */ = {
			isa = XCConfigurationList;
			buildConfigurations = (
				17BB3E8925CDC80900DB7DFE /* Debug */,
				17BB3E8A25CDC80900DB7DFE /* Release */,
			);
			defaultConfigurationIsVisible = 0;
			defaultConfigurationName = Release;
		};
/* End XCConfigurationList section */
	};
	rootObject = 17BB3E5625CDC80600DB7DFE /* Project object */;
}
